// !$*UTF8*$!
{
	archiveVersion = 1;
	classes = {
	};
	objectVersion = 50;
	objects = {

/* Begin PBXBuildFile section */
		075AE173291AAA8E002F25CB /* AppDelegate.swift in Sources */ = {isa = PBXBuildFile; fileRef = 075AE172291AAA8E002F25CB /* AppDelegate.swift */; };
		075AE175291AAA8E002F25CB /* SceneDelegate.swift in Sources */ = {isa = PBXBuildFile; fileRef = 075AE174291AAA8E002F25CB /* SceneDelegate.swift */; };
		075AE177291AAA8E002F25CB /* ViewController.swift in Sources */ = {isa = PBXBuildFile; fileRef = 075AE176291AAA8E002F25CB /* ViewController.swift */; };
		075AE17A291AAA8E002F25CB /* Main.storyboard in Resources */ = {isa = PBXBuildFile; fileRef = 075AE178291AAA8E002F25CB /* Main.storyboard */; };
		075AE17C291AAA8F002F25CB /* Assets.xcassets in Resources */ = {isa = PBXBuildFile; fileRef = 075AE17B291AAA8F002F25CB /* Assets.xcassets */; };
		075AE17F291AAA8F002F25CB /* LaunchScreen.storyboard in Resources */ = {isa = PBXBuildFile; fileRef = 075AE17D291AAA8F002F25CB /* LaunchScreen.storyboard */; };
		075AE18A291AAA8F002F25CB /* GitProjectTests.swift in Sources */ = {isa = PBXBuildFile; fileRef = 075AE189291AAA8F002F25CB /* GitProjectTests.swift */; };
		075AE195291AAA8F002F25CB /* GitProjectUITests.swift in Sources */ = {isa = PBXBuildFile; fileRef = 075AE194291AAA8F002F25CB /* GitProjectUITests.swift */; };
/* End PBXBuildFile section */

/* Begin PBXContainerItemProxy section */
		075AE186291AAA8F002F25CB /* PBXContainerItemProxy */ = {
			isa = PBXContainerItemProxy;
			containerPortal = 075AE167291AAA8E002F25CB /* Project object */;
			proxyType = 1;
			remoteGlobalIDString = 075AE16E291AAA8E002F25CB;
			remoteInfo = GitProject;
		};
		075AE191291AAA8F002F25CB /* PBXContainerItemProxy */ = {
			isa = PBXContainerItemProxy;
			containerPortal = 075AE167291AAA8E002F25CB /* Project object */;
			proxyType = 1;
			remoteGlobalIDString = 075AE16E291AAA8E002F25CB;
			remoteInfo = GitProject;
		};
/* End PBXContainerItemProxy section */

/* Begin PBXFileReference section */
		075AE16F291AAA8E002F25CB /* GitProject.app */ = {isa = PBXFileReference; explicitFileType = wrapper.application; includeInIndex = 0; path = GitProject.app; sourceTree = BUILT_PRODUCTS_DIR; };
		075AE172291AAA8E002F25CB /* AppDelegate.swift */ = {isa = PBXFileReference; lastKnownFileType = sourcecode.swift; path = AppDelegate.swift; sourceTree = "<group>"; };
		075AE174291AAA8E002F25CB /* SceneDelegate.swift */ = {isa = PBXFileReference; lastKnownFileType = sourcecode.swift; path = SceneDelegate.swift; sourceTree = "<group>"; };
		075AE176291AAA8E002F25CB /* ViewController.swift */ = {isa = PBXFileReference; lastKnownFileType = sourcecode.swift; path = ViewController.swift; sourceTree = "<group>"; };
		075AE179291AAA8E002F25CB /* Base */ = {isa = PBXFileReference; lastKnownFileType = file.storyboard; name = Base; path = Base.lproj/Main.storyboard; sourceTree = "<group>"; };
		075AE17B291AAA8F002F25CB /* Assets.xcassets */ = {isa = PBXFileReference; lastKnownFileType = folder.assetcatalog; path = Assets.xcassets; sourceTree = "<group>"; };
		075AE17E291AAA8F002F25CB /* Base */ = {isa = PBXFileReference; lastKnownFileType = file.storyboard; name = Base; path = Base.lproj/LaunchScreen.storyboard; sourceTree = "<group>"; };
		075AE180291AAA8F002F25CB /* Info.plist */ = {isa = PBXFileReference; lastKnownFileType = text.plist.xml; path = Info.plist; sourceTree = "<group>"; };
		075AE185291AAA8F002F25CB /* GitProjectTests.xctest */ = {isa = PBXFileReference; explicitFileType = wrapper.cfbundle; includeInIndex = 0; path = GitProjectTests.xctest; sourceTree = BUILT_PRODUCTS_DIR; };
		075AE189291AAA8F002F25CB /* GitProjectTests.swift */ = {isa = PBXFileReference; lastKnownFileType = sourcecode.swift; path = GitProjectTests.swift; sourceTree = "<group>"; };
		075AE18B291AAA8F002F25CB /* Info.plist */ = {isa = PBXFileReference; lastKnownFileType = text.plist.xml; path = Info.plist; sourceTree = "<group>"; };
		075AE190291AAA8F002F25CB /* GitProjectUITests.xctest */ = {isa = PBXFileReference; explicitFileType = wrapper.cfbundle; includeInIndex = 0; path = GitProjectUITests.xctest; sourceTree = BUILT_PRODUCTS_DIR; };
		075AE194291AAA8F002F25CB /* GitProjectUITests.swift */ = {isa = PBXFileReference; lastKnownFileType = sourcecode.swift; path = GitProjectUITests.swift; sourceTree = "<group>"; };
		075AE196291AAA8F002F25CB /* Info.plist */ = {isa = PBXFileReference; lastKnownFileType = text.plist.xml; path = Info.plist; sourceTree = "<group>"; };
/* End PBXFileReference section */

/* Begin PBXFrameworksBuildPhase section */
		075AE16C291AAA8E002F25CB /* Frameworks */ = {
			isa = PBXFrameworksBuildPhase;
			buildActionMask = 2147483647;
			files = (
			);
			runOnlyForDeploymentPostprocessing = 0;
		};
		075AE182291AAA8F002F25CB /* Frameworks */ = {
			isa = PBXFrameworksBuildPhase;
			buildActionMask = 2147483647;
			files = (
			);
			runOnlyForDeploymentPostprocessing = 0;
		};
		075AE18D291AAA8F002F25CB /* Frameworks */ = {
			isa = PBXFrameworksBuildPhase;
			buildActionMask = 2147483647;
			files = (
			);
			runOnlyForDeploymentPostprocessing = 0;
		};
/* End PBXFrameworksBuildPhase section */

/* Begin PBXGroup section */
		075AE166291AAA8E002F25CB = {
			isa = PBXGroup;
			children = (
				075AE171291AAA8E002F25CB /* GitProject */,
				075AE188291AAA8F002F25CB /* GitProjectTests */,
				075AE193291AAA8F002F25CB /* GitProjectUITests */,
				075AE170291AAA8E002F25CB /* Products */,
			);
			sourceTree = "<group>";
		};
		075AE170291AAA8E002F25CB /* Products */ = {
			isa = PBXGroup;
			children = (
				075AE16F291AAA8E002F25CB /* GitProject.app */,
				075AE185291AAA8F002F25CB /* GitProjectTests.xctest */,
				075AE190291AAA8F002F25CB /* GitProjectUITests.xctest */,
			);
			name = Products;
			sourceTree = "<group>";
		};
		075AE171291AAA8E002F25CB /* GitProject */ = {
			isa = PBXGroup;
			children = (
				075AE172291AAA8E002F25CB /* AppDelegate.swift */,
				075AE174291AAA8E002F25CB /* SceneDelegate.swift */,
				075AE176291AAA8E002F25CB /* ViewController.swift */,
				075AE178291AAA8E002F25CB /* Main.storyboard */,
				075AE17B291AAA8F002F25CB /* Assets.xcassets */,
				075AE17D291AAA8F002F25CB /* LaunchScreen.storyboard */,
				075AE180291AAA8F002F25CB /* Info.plist */,
			);
			path = GitProject;
			sourceTree = "<group>";
		};
		075AE188291AAA8F002F25CB /* GitProjectTests */ = {
			isa = PBXGroup;
			children = (
				075AE189291AAA8F002F25CB /* GitProjectTests.swift */,
				075AE18B291AAA8F002F25CB /* Info.plist */,
			);
			path = GitProjectTests;
			sourceTree = "<group>";
		};
		075AE193291AAA8F002F25CB /* GitProjectUITests */ = {
			isa = PBXGroup;
			children = (
				075AE194291AAA8F002F25CB /* GitProjectUITests.swift */,
				075AE196291AAA8F002F25CB /* Info.plist */,
			);
			path = GitProjectUITests;
			sourceTree = "<group>";
		};
/* End PBXGroup section */

/* Begin PBXNativeTarget section */
		075AE16E291AAA8E002F25CB /* GitProject */ = {
			isa = PBXNativeTarget;
			buildConfigurationList = 075AE199291AAA8F002F25CB /* Build configuration list for PBXNativeTarget "GitProject" */;
			buildPhases = (
				075AE16B291AAA8E002F25CB /* Sources */,
				075AE16C291AAA8E002F25CB /* Frameworks */,
				075AE16D291AAA8E002F25CB /* Resources */,
			);
			buildRules = (
			);
			dependencies = (
			);
			name = GitProject;
			productName = GitProject;
			productReference = 075AE16F291AAA8E002F25CB /* GitProject.app */;
			productType = "com.apple.product-type.application";
		};
		075AE184291AAA8F002F25CB /* GitProjectTests */ = {
			isa = PBXNativeTarget;
			buildConfigurationList = 075AE19C291AAA8F002F25CB /* Build configuration list for PBXNativeTarget "GitProjectTests" */;
			buildPhases = (
				075AE181291AAA8F002F25CB /* Sources */,
				075AE182291AAA8F002F25CB /* Frameworks */,
				075AE183291AAA8F002F25CB /* Resources */,
			);
			buildRules = (
			);
			dependencies = (
				075AE187291AAA8F002F25CB /* PBXTargetDependency */,
			);
			name = GitProjectTests;
			productName = GitProjectTests;
			productReference = 075AE185291AAA8F002F25CB /* GitProjectTests.xctest */;
			productType = "com.apple.product-type.bundle.unit-test";
		};
		075AE18F291AAA8F002F25CB /* GitProjectUITests */ = {
			isa = PBXNativeTarget;
			buildConfigurationList = 075AE19F291AAA8F002F25CB /* Build configuration list for PBXNativeTarget "GitProjectUITests" */;
			buildPhases = (
				075AE18C291AAA8F002F25CB /* Sources */,
				075AE18D291AAA8F002F25CB /* Frameworks */,
				075AE18E291AAA8F002F25CB /* Resources */,
			);
			buildRules = (
			);
			dependencies = (
				075AE192291AAA8F002F25CB /* PBXTargetDependency */,
			);
			name = GitProjectUITests;
			productName = GitProjectUITests;
			productReference = 075AE190291AAA8F002F25CB /* GitProjectUITests.xctest */;
			productType = "com.apple.product-type.bundle.ui-testing";
		};
/* End PBXNativeTarget section */

/* Begin PBXProject section */
		075AE167291AAA8E002F25CB /* Project object */ = {
			isa = PBXProject;
			attributes = {
				LastSwiftUpdateCheck = 1240;
				LastUpgradeCheck = 1240;
				TargetAttributes = {
					075AE16E291AAA8E002F25CB = {
						CreatedOnToolsVersion = 12.4;
					};
					075AE184291AAA8F002F25CB = {
						CreatedOnToolsVersion = 12.4;
						TestTargetID = 075AE16E291AAA8E002F25CB;
					};
					075AE18F291AAA8F002F25CB = {
						CreatedOnToolsVersion = 12.4;
						TestTargetID = 075AE16E291AAA8E002F25CB;
					};
				};
			};
			buildConfigurationList = 075AE16A291AAA8E002F25CB /* Build configuration list for PBXProject "GitProject" */;
			compatibilityVersion = "Xcode 9.3";
			developmentRegion = en;
			hasScannedForEncodings = 0;
			knownRegions = (
				en,
				Base,
			);
			mainGroup = 075AE166291AAA8E002F25CB;
			productRefGroup = 075AE170291AAA8E002F25CB /* Products */;
			projectDirPath = "";
			projectRoot = "";
			targets = (
				075AE16E291AAA8E002F25CB /* GitProject */,
				075AE184291AAA8F002F25CB /* GitProjectTests */,
				075AE18F291AAA8F002F25CB /* GitProjectUITests */,
			);
		};
/* End PBXProject section */

/* Begin PBXResourcesBuildPhase section */
		075AE16D291AAA8E002F25CB /* Resources */ = {
			isa = PBXResourcesBuildPhase;
			buildActionMask = 2147483647;
			files = (
				075AE17F291AAA8F002F25CB /* LaunchScreen.storyboard in Resources */,
				075AE17C291AAA8F002F25CB /* Assets.xcassets in Resources */,
				075AE17A291AAA8E002F25CB /* Main.storyboard in Resources */,
			);
			runOnlyForDeploymentPostprocessing = 0;
		};
		075AE183291AAA8F002F25CB /* Resources */ = {
			isa = PBXResourcesBuildPhase;
			buildActionMask = 2147483647;
			files = (
			);
			runOnlyForDeploymentPostprocessing = 0;
		};
		075AE18E291AAA8F002F25CB /* Resources */ = {
			isa = PBXResourcesBuildPhase;
			buildActionMask = 2147483647;
			files = (
			);
			runOnlyForDeploymentPostprocessing = 0;
		};
/* End PBXResourcesBuildPhase section */

/* Begin PBXSourcesBuildPhase section */
		075AE16B291AAA8E002F25CB /* Sources */ = {
			isa = PBXSourcesBuildPhase;
			buildActionMask = 2147483647;
			files = (
				075AE177291AAA8E002F25CB /* ViewController.swift in Sources */,
				075AE173291AAA8E002F25CB /* AppDelegate.swift in Sources */,
				075AE175291AAA8E002F25CB /* SceneDelegate.swift in Sources */,
			);
			runOnlyForDeploymentPostprocessing = 0;
		};
		075AE181291AAA8F002F25CB /* Sources */ = {
			isa = PBXSourcesBuildPhase;
			buildActionMask = 2147483647;
			files = (
				075AE18A291AAA8F002F25CB /* GitProjectTests.swift in Sources */,
			);
			runOnlyForDeploymentPostprocessing = 0;
		};
		075AE18C291AAA8F002F25CB /* Sources */ = {
			isa = PBXSourcesBuildPhase;
			buildActionMask = 2147483647;
			files = (
				075AE195291AAA8F002F25CB /* GitProjectUITests.swift in Sources */,
			);
			runOnlyForDeploymentPostprocessing = 0;
		};
/* End PBXSourcesBuildPhase section */

/* Begin PBXTargetDependency section */
		075AE187291AAA8F002F25CB /* PBXTargetDependency */ = {
			isa = PBXTargetDependency;
			target = 075AE16E291AAA8E002F25CB /* GitProject */;
			targetProxy = 075AE186291AAA8F002F25CB /* PBXContainerItemProxy */;
		};
		075AE192291AAA8F002F25CB /* PBXTargetDependency */ = {
			isa = PBXTargetDependency;
			target = 075AE16E291AAA8E002F25CB /* GitProject */;
			targetProxy = 075AE191291AAA8F002F25CB /* PBXContainerItemProxy */;
		};
/* End PBXTargetDependency section */

/* Begin PBXVariantGroup section */
		075AE178291AAA8E002F25CB /* Main.storyboard */ = {
			isa = PBXVariantGroup;
			children = (
				075AE179291AAA8E002F25CB /* Base */,
			);
			name = Main.storyboard;
			sourceTree = "<group>";
		};
		075AE17D291AAA8F002F25CB /* LaunchScreen.storyboard */ = {
			isa = PBXVariantGroup;
			children = (
				075AE17E291AAA8F002F25CB /* Base */,
			);
			name = LaunchScreen.storyboard;
			sourceTree = "<group>";
		};
/* End PBXVariantGroup section */

/* Begin XCBuildConfiguration section */
		075AE197291AAA8F002F25CB /* Debug */ = {
			isa = XCBuildConfiguration;
			buildSettings = {
				ALWAYS_SEARCH_USER_PATHS = NO;
				CLANG_ANALYZER_NONNULL = YES;
				CLANG_ANALYZER_NUMBER_OBJECT_CONVERSION = YES_AGGRESSIVE;
				CLANG_CXX_LANGUAGE_STANDARD = "gnu++14";
				CLANG_CXX_LIBRARY = "libc++";
				CLANG_ENABLE_MODULES = YES;
				CLANG_ENABLE_OBJC_ARC = YES;
				CLANG_ENABLE_OBJC_WEAK = YES;
				CLANG_WARN_BLOCK_CAPTURE_AUTORELEASING = YES;
				CLANG_WARN_BOOL_CONVERSION = YES;
				CLANG_WARN_COMMA = YES;
				CLANG_WARN_CONSTANT_CONVERSION = YES;
				CLANG_WARN_DEPRECATED_OBJC_IMPLEMENTATIONS = YES;
				CLANG_WARN_DIRECT_OBJC_ISA_USAGE = YES_ERROR;
				CLANG_WARN_DOCUMENTATION_COMMENTS = YES;
				CLANG_WARN_EMPTY_BODY = YES;
				CLANG_WARN_ENUM_CONVERSION = YES;
				CLANG_WARN_INFINITE_RECURSION = YES;
				CLANG_WARN_INT_CONVERSION = YES;
				CLANG_WARN_NON_LITERAL_NULL_CONVERSION = YES;
				CLANG_WARN_OBJC_IMPLICIT_RETAIN_SELF = YES;
				CLANG_WARN_OBJC_LITERAL_CONVERSION = YES;
				CLANG_WARN_OBJC_ROOT_CLASS = YES_ERROR;
				CLANG_WARN_QUOTED_INCLUDE_IN_FRAMEWORK_HEADER = YES;
				CLANG_WARN_RANGE_LOOP_ANALYSIS = YES;
				CLANG_WARN_STRICT_PROTOTYPES = YES;
				CLANG_WARN_SUSPICIOUS_MOVE = YES;
				CLANG_WARN_UNGUARDED_AVAILABILITY = YES_AGGRESSIVE;
				CLANG_WARN_UNREACHABLE_CODE = YES;
				CLANG_WARN__DUPLICATE_METHOD_MATCH = YES;
				COPY_PHASE_STRIP = NO;
				DEBUG_INFORMATION_FORMAT = dwarf;
				ENABLE_STRICT_OBJC_MSGSEND = YES;
				ENABLE_TESTABILITY = YES;
				GCC_C_LANGUAGE_STANDARD = gnu11;
				GCC_DYNAMIC_NO_PIC = NO;
				GCC_NO_COMMON_BLOCKS = YES;
				GCC_OPTIMIZATION_LEVEL = 0;
				GCC_PREPROCESSOR_DEFINITIONS = (
					"DEBUG=1",
					"$(inherited)",
				);
				GCC_WARN_64_TO_32_BIT_CONVERSION = YES;
				GCC_WARN_ABOUT_RETURN_TYPE = YES_ERROR;
				GCC_WARN_UNDECLARED_SELECTOR = YES;
				GCC_WARN_UNINITIALIZED_AUTOS = YES_AGGRESSIVE;
				GCC_WARN_UNUSED_FUNCTION = YES;
				GCC_WARN_UNUSED_VARIABLE = YES;
				IPHONEOS_DEPLOYMENT_TARGET = 14.4;
				MTL_ENABLE_DEBUG_INFO = INCLUDE_SOURCE;
				MTL_FAST_MATH = YES;
				ONLY_ACTIVE_ARCH = YES;
				SDKROOT = iphoneos;
				SWIFT_ACTIVE_COMPILATION_CONDITIONS = DEBUG;
				SWIFT_OPTIMIZATION_LEVEL = "-Onone";
			};
			name = Debug;
		};
		075AE198291AAA8F002F25CB /* Release */ = {
			isa = XCBuildConfiguration;
			buildSettings = {
				ALWAYS_SEARCH_USER_PATHS = NO;
				CLANG_ANALYZER_NONNULL = YES;
				CLANG_ANALYZER_NUMBER_OBJECT_CONVERSION = YES_AGGRESSIVE;
				CLANG_CXX_LANGUAGE_STANDARD = "gnu++14";
				CLANG_CXX_LIBRARY = "libc++";
				CLANG_ENABLE_MODULES = YES;
				CLANG_ENABLE_OBJC_ARC = YES;
				CLANG_ENABLE_OBJC_WEAK = YES;
				CLANG_WARN_BLOCK_CAPTURE_AUTORELEASING = YES;
				CLANG_WARN_BOOL_CONVERSION = YES;
				CLANG_WARN_COMMA = YES;
				CLANG_WARN_CONSTANT_CONVERSION = YES;
				CLANG_WARN_DEPRECATED_OBJC_IMPLEMENTATIONS = YES;
				CLANG_WARN_DIRECT_OBJC_ISA_USAGE = YES_ERROR;
				CLANG_WARN_DOCUMENTATION_COMMENTS = YES;
				CLANG_WARN_EMPTY_BODY = YES;
				CLANG_WARN_ENUM_CONVERSION = YES;
				CLANG_WARN_INFINITE_RECURSION = YES;
				CLANG_WARN_INT_CONVERSION = YES;
				CLANG_WARN_NON_LITERAL_NULL_CONVERSION = YES;
				CLANG_WARN_OBJC_IMPLICIT_RETAIN_SELF = YES;
				CLANG_WARN_OBJC_LITERAL_CONVERSION = YES;
				CLANG_WARN_OBJC_ROOT_CLASS = YES_ERROR;
				CLANG_WARN_QUOTED_INCLUDE_IN_FRAMEWORK_HEADER = YES;
				CLANG_WARN_RANGE_LOOP_ANALYSIS = YES;
				CLANG_WARN_STRICT_PROTOTYPES = YES;
				CLANG_WARN_SUSPICIOUS_MOVE = YES;
				CLANG_WARN_UNGUARDED_AVAILABILITY = YES_AGGRESSIVE;
				CLANG_WARN_UNREACHABLE_CODE = YES;
				CLANG_WARN__DUPLICATE_METHOD_MATCH = YES;
				COPY_PHASE_STRIP = NO;
				DEBUG_INFORMATION_FORMAT = "dwarf-with-dsym";
				ENABLE_NS_ASSERTIONS = NO;
				ENABLE_STRICT_OBJC_MSGSEND = YES;
				GCC_C_LANGUAGE_STANDARD = gnu11;
				GCC_NO_COMMON_BLOCKS = YES;
				GCC_WARN_64_TO_32_BIT_CONVERSION = YES;
				GCC_WARN_ABOUT_RETURN_TYPE = YES_ERROR;
				GCC_WARN_UNDECLARED_SELECTOR = YES;
				GCC_WARN_UNINITIALIZED_AUTOS = YES_AGGRESSIVE;
				GCC_WARN_UNUSED_FUNCTION = YES;
				GCC_WARN_UNUSED_VARIABLE = YES;
				IPHONEOS_DEPLOYMENT_TARGET = 14.4;
				MTL_ENABLE_DEBUG_INFO = NO;
				MTL_FAST_MATH = YES;
				SDKROOT = iphoneos;
				SWIFT_COMPILATION_MODE = wholemodule;
				SWIFT_OPTIMIZATION_LEVEL = "-O";
				VALIDATE_PRODUCT = YES;
			};
			name = Release;
		};
		075AE19A291AAA8F002F25CB /* Debug */ = {
			isa = XCBuildConfiguration;
			buildSettings = {
				ASSETCATALOG_COMPILER_APPICON_NAME = AppIcon;
				ASSETCATALOG_COMPILER_GLOBAL_ACCENT_COLOR_NAME = AccentColor;
				CODE_SIGN_STYLE = Automatic;
				DEVELOPMENT_TEAM = SAT68F6L25;
				INFOPLIST_FILE = GitProject/Info.plist;
				LD_RUNPATH_SEARCH_PATHS = (
					"$(inherited)",
					"@executable_path/Frameworks",
				);
				PRODUCT_BUNDLE_IDENTIFIER = com.Saga.DemoMapBox.GitProject;
				PRODUCT_NAME = "$(TARGET_NAME)";
				SWIFT_VERSION = 5.0;
				TARGETED_DEVICE_FAMILY = "1,2";
			};
			name = Debug;
		};
		075AE19B291AAA8F002F25CB /* Release */ = {
			isa = XCBuildConfiguration;
			buildSettings = {
				ASSETCATALOG_COMPILER_APPICON_NAME = AppIcon;
				ASSETCATALOG_COMPILER_GLOBAL_ACCENT_COLOR_NAME = AccentColor;
				CODE_SIGN_STYLE = Automatic;
				DEVELOPMENT_TEAM = SAT68F6L25;
				INFOPLIST_FILE = GitProject/Info.plist;
				LD_RUNPATH_SEARCH_PATHS = (
					"$(inherited)",
					"@executable_path/Frameworks",
				);
				PRODUCT_BUNDLE_IDENTIFIER = com.Saga.DemoMapBox.GitProject;
				PRODUCT_NAME = "$(TARGET_NAME)";
				SWIFT_VERSION = 5.0;
				TARGETED_DEVICE_FAMILY = "1,2";
			};
			name = Release;
		};
		075AE19D291AAA8F002F25CB /* Debug */ = {
			isa = XCBuildConfiguration;
			buildSettings = {
				ALWAYS_EMBED_SWIFT_STANDARD_LIBRARIES = YES;
				BUNDLE_LOADER = "$(TEST_HOST)";
				CODE_SIGN_STYLE = Automatic;
				DEVELOPMENT_TEAM = SAT68F6L25;
				INFOPLIST_FILE = GitProjectTests/Info.plist;
				IPHONEOS_DEPLOYMENT_TARGET = 14.4;
				LD_RUNPATH_SEARCH_PATHS = (
					"$(inherited)",
					"@executable_path/Frameworks",
					"@loader_path/Frameworks",
				);
				PRODUCT_BUNDLE_IDENTIFIER = com.Saga.DemoMapBox.GitProjectTests;
				PRODUCT_NAME = "$(TARGET_NAME)";
				SWIFT_VERSION = 5.0;
				TARGETED_DEVICE_FAMILY = "1,2";
				TEST_HOST = "$(BUILT_PRODUCTS_DIR)/GitProject.app/GitProject";
			};
			name = Debug;
		};
		075AE19E291AAA8F002F25CB /* Release */ = {
			isa = XCBuildConfiguration;
			buildSettings = {
				ALWAYS_EMBED_SWIFT_STANDARD_LIBRARIES = YES;
				BUNDLE_LOADER = "$(TEST_HOST)";
				CODE_SIGN_STYLE = Automatic;
				DEVELOPMENT_TEAM = SAT68F6L25;
				INFOPLIST_FILE = GitProjectTests/Info.plist;
				IPHONEOS_DEPLOYMENT_TARGET = 14.4;
				LD_RUNPATH_SEARCH_PATHS = (
					"$(inherited)",
					"@executable_path/Frameworks",
					"@loader_path/Frameworks",
				);
				PRODUCT_BUNDLE_IDENTIFIER = com.Saga.DemoMapBox.GitProjectTests;
				PRODUCT_NAME = "$(TARGET_NAME)";
				SWIFT_VERSION = 5.0;
				TARGETED_DEVICE_FAMILY = "1,2";
				TEST_HOST = "$(BUILT_PRODUCTS_DIR)/GitProject.app/GitProject";
			};
			name = Release;
		};
		075AE1A0291AAA8F002F25CB /* Debug */ = {
			isa = XCBuildConfiguration;
			buildSettings = {
				ALWAYS_EMBED_SWIFT_STANDARD_LIBRARIES = YES;
				CODE_SIGN_STYLE = Automatic;
				DEVELOPMENT_TEAM = SAT68F6L25;
				INFOPLIST_FILE = GitProjectUITests/Info.plist;
				LD_RUNPATH_SEARCH_PATHS = (
					"$(inherited)",
					"@executable_path/Frameworks",
					"@loader_path/Frameworks",
				);
				PRODUCT_BUNDLE_IDENTIFIER = com.Saga.DemoMapBox.GitProjectUITests;
				PRODUCT_NAME = "$(TARGET_NAME)";
				SWIFT_VERSION = 5.0;
				TARGETED_DEVICE_FAMILY = "1,2";
				TEST_TARGET_NAME = GitProject;
			};
			name = Debug;
		};
		075AE1A1291AAA8F002F25CB /* Release */ = {
			isa = XCBuildConfiguration;
			buildSettings = {
				ALWAYS_EMBED_SWIFT_STANDARD_LIBRARIES = YES;
				CODE_SIGN_STYLE = Automatic;
				DEVELOPMENT_TEAM = SAT68F6L25;
				INFOPLIST_FILE = GitProjectUITests/Info.plist;
				LD_RUNPATH_SEARCH_PATHS = (
					"$(inherited)",
					"@executable_path/Frameworks",
					"@loader_path/Frameworks",
				);
				PRODUCT_BUNDLE_IDENTIFIER = com.Saga.DemoMapBox.GitProjectUITests;
				PRODUCT_NAME = "$(TARGET_NAME)";
				SWIFT_VERSION = 5.0;
				TARGETED_DEVICE_FAMILY = "1,2";
				TEST_TARGET_NAME = GitProject;
			};
			name = Release;
		};
/* End XCBuildConfiguration section */

/* Begin XCConfigurationList section */
		075AE16A291AAA8E002F25CB /* Build configuration list for PBXProject "GitProject" */ = {
			isa = XCConfigurationList;
			buildConfigurations = (
				075AE197291AAA8F002F25CB /* Debug */,
				075AE198291AAA8F002F25CB /* Release */,
			);
			defaultConfigurationIsVisible = 0;
			defaultConfigurationName = Release;
		};
		075AE199291AAA8F002F25CB /* Build configuration list for PBXNativeTarget "GitProject" */ = {
			isa = XCConfigurationList;
			buildConfigurations = (
				075AE19A291AAA8F002F25CB /* Debug */,
				075AE19B291AAA8F002F25CB /* Release */,
			);
			defaultConfigurationIsVisible = 0;
			defaultConfigurationName = Release;
		};
		075AE19C291AAA8F002F25CB /* Build configuration list for PBXNativeTarget "GitProjectTests" */ = {
			isa = XCConfigurationList;
			buildConfigurations = (
				075AE19D291AAA8F002F25CB /* Debug */,
				075AE19E291AAA8F002F25CB /* Release */,
			);
			defaultConfigurationIsVisible = 0;
			defaultConfigurationName = Release;
		};
		075AE19F291AAA8F002F25CB /* Build configuration list for PBXNativeTarget "GitProjectUITests" */ = {
			isa = XCConfigurationList;
			buildConfigurations = (
				075AE1A0291AAA8F002F25CB /* Debug */,
				075AE1A1291AAA8F002F25CB /* Release */,
			);
			defaultConfigurationIsVisible = 0;
			defaultConfigurationName = Release;
		};
/* End XCConfigurationList section */
	};
	rootObject = 075AE167291AAA8E002F25CB /* Project object */;
}
